
Microsoft Visual Studio Solution File, Format Version 12.00
# Visual Studio Version 17
VisualStudioVersion = 17.9.34723.18
MinimumVisualStudioVersion = 10.0.40219.1
Project("{9A19103F-16F7-4668-BE54-9A1E7A4F7556}") = "ImportExportTracker.WEB", "ImportExportTracker.WEB\ImportExportTracker.WEB.csproj", "{C3D99F30-86AE-461C-BF81-7CA6FCD57C7C}"
EndProject
Project("{FAE04EC0-301F-11D3-BF4B-00C04F79EFBC}") = "ImportExportTracker.DB", "ImportExportTracker.DB\ImportExportTracker.DB.csproj", "{33851B1B-B2A2-462B-B075-20735F6F931B}"
EndProject
Project("{FAE04EC0-301F-11D3-BF4B-00C04F79EFBC}") = "ImportExportTracker.SERVICES", "ImportExportTracker.SERVICES\ImportExportTracker.SERVICES.csproj", "{FF64B16E-F442-4C2D-9ADF-CA453BF1AF0C}"
EndProject
Project("{FAE04EC0-301F-11D3-BF4B-00C04F79EFBC}") = "ImportExportTracker.MODEL", "ImportExportTracker.MODEL\ImportExportTracker.MODEL.csproj", "{EC7EA678-1C00-4196-86DB-0FA837F34DCA}"
EndProject
Global
	GlobalSection(SolutionConfigurationPlatforms) = preSolution
		Debug|Any CPU = Debug|Any CPU
		Release|Any CPU = Release|Any CPU
	EndGlobalSection
	GlobalSection(ProjectConfigurationPlatforms) = postSolution
		{C3D99F30-86AE-461C-BF81-7CA6FCD57C7C}.Debug|Any CPU.ActiveCfg = Debug|Any CPU
		{C3D99F30-86AE-461C-BF81-7CA6FCD57C7C}.Debug|Any CPU.Build.0 = Debug|Any CPU
		{C3D99F30-86AE-461C-BF81-7CA6FCD57C7C}.Release|Any CPU.ActiveCfg = Release|Any CPU
		{C3D99F30-86AE-461C-BF81-7CA6FCD57C7C}.Release|Any CPU.Build.0 = Release|Any CPU
		{33851B1B-B2A2-462B-B075-20735F6F931B}.Debug|Any CPU.ActiveCfg = Debug|Any CPU
		{33851B1B-B2A2-462B-B075-20735F6F931B}.Debug|Any CPU.Build.0 = Debug|Any CPU
		{33851B1B-B2A2-462B-B075-20735F6F931B}.Release|Any CPU.ActiveCfg = Release|Any CPU
		{33851B1B-B2A2-462B-B075-20735F6F931B}.Release|Any CPU.Build.0 = Release|Any CPU
		{FF64B16E-F442-4C2D-9ADF-CA453BF1AF0C}.Debug|Any CPU.ActiveCfg = Debug|Any CPU
		{FF64B16E-F442-4C2D-9ADF-CA453BF1AF0C}.Debug|Any CPU.Build.0 = Debug|Any CPU
		{FF64B16E-F442-4C2D-9ADF-CA453BF1AF0C}.Release|Any CPU.ActiveCfg = Release|Any CPU
		{FF64B16E-F442-4C2D-9ADF-CA453BF1AF0C}.Release|Any CPU.Build.0 = Release|Any CPU
		{EC7EA678-1C00-4196-86DB-0FA837F34DCA}.Debug|Any CPU.ActiveCfg = Debug|Any CPU
		{EC7EA678-1C00-4196-86DB-0FA837F34DCA}.Debug|Any CPU.Build.0 = Debug|Any CPU
		{EC7EA678-1C00-4196-86DB-0FA837F34DCA}.Release|Any CPU.ActiveCfg = Release|Any CPU
		{EC7EA678-1C00-4196-86DB-0FA837F34DCA}.Release|Any CPU.Build.0 = Release|Any CPU
	EndGlobalSection
	GlobalSection(SolutionProperties) = preSolution
		HideSolutionNode = FALSE
	EndGlobalSection
	GlobalSection(ExtensibilityGlobals) = postSolution
		SolutionGuid = {2A0BA5A6-0EFE-4FB8-9402-1542705355DD}
	EndGlobalSection
EndGlobal
